Microsoft Visual Studio Solution File, Format Version 12.00
# Visual Studio Version 17
VisualStudioVersion = 17.5.2.0
MinimumVisualStudioVersion = 10.0.40219.1
Project("{FAE04EC0-301F-11D3-BF4B-00C04F79EFBC}") = "ConsoleApp_Tuan2", "ConsoleApp_Tuan2.csproj", "{CADB7FBA-42EE-43AC-242A-7254918DB936}"
EndProject
Global
	GlobalSection(SolutionConfigurationPlatforms) = preSolution
		Debug|Any CPU = Debug|Any CPU
		Release|Any CPU = Release|Any CPU
	EndGlobalSection
	GlobalSection(ProjectConfigurationPlatforms) = postSolution
		{CADB7FBA-42EE-43AC-242A-7254918DB936}.Debug|Any CPU.ActiveCfg = Debug|Any CPU
		{CADB7FBA-42EE-43AC-242A-7254918DB936}.Debug|Any CPU.Build.0 = Debug|Any CPU
		{CADB7FBA-42EE-43AC-242A-7254918DB936}.Release|Any CPU.ActiveCfg = Release|Any CPU
		{CADB7FBA-42EE-43AC-242A-7254918DB936}.Release|Any CPU.Build.0 = Release|Any CPU
	EndGlobalSection
	GlobalSection(SolutionProperties) = preSolution
		HideSolutionNode = FALSE
	EndGlobalSection
	GlobalSection(ExtensibilityGlobals) = postSolution
		SolutionGuid = {40B3D891-B85D-4BC8-9C0C-7AAF6C143E79}
	EndGlobalSection
EndGlobal
